# This file is automatically @generated by Cargo.
# It is not intended for manual editing.
version = 4

[[package]]
name = "porto-core-domain"
version = "0.1.0"

[[package]]
name = "porto-node"
version = "0.1.0"
dependencies = [
 "porto-core-domain",
]

[[package]]
name = "porto-services"
version = "0.1.0"
dependencies = [
 "porto-core-domain",
]

[[package]]
name = "porto-verifier"
version = "0.1.0"
dependencies = [
 "porto-core-domain",
]
